
Microsoft Visual Studio Solution File, Format Version 12.00
# Visual Studio Version 17
VisualStudioVersion = 17.14.36623.8
MinimumVisualStudioVersion = 10.0.40219.1
Project("{2150E333-8FDC-42A3-9474-1A3956D46DE8}") = "Task0", "Task0", "{02EA681E-C7D8-13C7-8484-4AC65E1B71E8}"
EndProject
Project("{FAE04EC0-301F-11D3-BF4B-00C04F79EFBC}") = "Tyuiu.RogozinaMA.Sprint1.Task0.V2", "Tyuiu.RogozinaMA.Sprint1.Task0.V2\Tyuiu.RogozinaMA.Sprint1.Task0.V2.csproj", "{A53CE54E-0A3B-46E1-9E88-5C96DA635163}"
EndProject
Project("{FAE04EC0-301F-11D3-BF4B-00C04F79EFBC}") = "Tyuiu.RogozinaMA.Sprint1.Task0.V2.Lib", "Tyuiu.RogozinaMA.Sprint1.Task0.V2.Lib\Tyuiu.RogozinaMA.Sprint1.Task0.V2.Lib.csproj", "{4B965174-2DF1-45A1-9F47-EAD888891C16}"
EndProject
Project("{FAE04EC0-301F-11D3-BF4B-00C04F79EFBC}") = "Tyuiu.RogozinaMA.Sprint1.Task0.V2.Test", "Tyuiu.RogozinaMA.Sprint1.Task0.V2.Test\Tyuiu.RogozinaMA.Sprint1.Task0.V2.Test.csproj", "{AB33FB9D-7633-4798-BCBC-3EAD54702878}"
EndProject
Project("{2150E333-8FDC-42A3-9474-1A3956D46DE8}") = "Task1", "Task1", "{6AE341D4-BA6C-4212-90C0-93D425F5338F}"
EndProject
Project("{FAE04EC0-301F-11D3-BF4B-00C04F79EFBC}") = "Tyuiu.RogozinaMA.Sprint1.Task1.V25", "Tyuiu.RogozinaMA.Sprint1.Task1.V25\Tyuiu.RogozinaMA.Sprint1.Task1.V25.csproj", "{CDCE1292-BB0F-4F57-9DDC-636D0AC92F7F}"
EndProject
Project("{FAE04EC0-301F-11D3-BF4B-00C04F79EFBC}") = "Tyuiu.RogozinaMA.Sprint1.Task1.V25.Lib", "Tyuiu.RogozinaMA.Sprint1.Task1.V25.Lib\Tyuiu.RogozinaMA.Sprint1.Task1.V25.Lib.csproj", "{642B3C8D-8BE5-48E0-8C2A-DA60A4B9E1A0}"
EndProject
Project("{FAE04EC0-301F-11D3-BF4B-00C04F79EFBC}") = "Tyuiu.RogozinaMA.Sprint1.Task1.V25.Test", "Tyuiu.RogozinaMA.Sprint1.Task1.V25.Test\Tyuiu.RogozinaMA.Sprint1.Task1.V25.Test.csproj", "{B921B2F4-1B6D-449F-8416-22AF93A37B93}"
EndProject
Project("{2150E333-8FDC-42A3-9474-1A3956D46DE8}") = "Task2", "Task2", "{46A25537-72CB-4F4E-83CA-10739BD7CCCF}"
EndProject
Project("{FAE04EC0-301F-11D3-BF4B-00C04F79EFBC}") = "Tyuiu.RogozinaMA.Sprint1.Task2.V24", "Tyuiu.RogozinaMA.Sprint1.Task2.V24\Tyuiu.RogozinaMA.Sprint1.Task2.V24.csproj", "{7978A993-9072-4423-96D4-F614446250BB}"
EndProject
Project("{FAE04EC0-301F-11D3-BF4B-00C04F79EFBC}") = "Tyuiu.RogozinaMA.Sprint1.Task2.V24.Lib", "Tyuiu.RogozinaMA.Sprint1.Task2.V24.Lib\Tyuiu.RogozinaMA.Sprint1.Task2.V24.Lib.csproj", "{7402B999-4CF5-46F4-9743-BE11292B9FB3}"
EndProject
Project("{FAE04EC0-301F-11D3-BF4B-00C04F79EFBC}") = "Tyuiu.RogozinaMA.Sprint1.Task2.V24.Test", "Tyuiu.RogozinaMA.Sprint1.Task2.V24.Test\Tyuiu.RogozinaMA.Sprint1.Task2.V24.Test.csproj", "{879580F8-0322-4C34-9DAB-42A0A43293CA}"
EndProject
Project("{2150E333-8FDC-42A3-9474-1A3956D46DE8}") = "Task3", "Task3", "{F48F8855-CCD0-4AAC-B97F-6F95A321BE7A}"
EndProject
Project("{FAE04EC0-301F-11D3-BF4B-00C04F79EFBC}") = "Tyuiu.RogozinaMA.Sprint1.Task3.V16", "Tyuiu.RogozinaMA.Sprint1.Task3.V16\Tyuiu.RogozinaMA.Sprint1.Task3.V16.csproj", "{3EB55097-31EA-4EAF-9AA9-B45031B4812B}"
EndProject
Project("{FAE04EC0-301F-11D3-BF4B-00C04F79EFBC}") = "Tyuiu.RogozinaMA.Sprint1.Task3.V16.Lib", "Tyuiu.RogozinaMA.Sprint1.Task3.V16.Lib\Tyuiu.RogozinaMA.Sprint1.Task3.V16.Lib.csproj", "{9B1B2635-273A-4C32-8EE8-C2D8C73A751B}"
EndProject
Project("{FAE04EC0-301F-11D3-BF4B-00C04F79EFBC}") = "Tyuiu.RogozinaMA.Sprint1.Task3.V16.Test", "Tyuiu.RogozinaMA.Sprint1.Task3.V16.Test\Tyuiu.RogozinaMA.Sprint1.Task3.V16.Test.csproj", "{1E6EBB82-A5FD-4E34-98FD-DA1390FB50B3}"
EndProject
Project("{2150E333-8FDC-42A3-9474-1A3956D46DE8}") = "Task4", "Task4", "{35037B74-4C5D-4E11-B13E-D70B0CD9D4E4}"
EndProject
Project("{FAE04EC0-301F-11D3-BF4B-00C04F79EFBC}") = "Tyuiu.RogozinaMA.Sprint1.Task4.V4", "Tyuiu.RogozinaMA.Sprint1.Task4.V4\Tyuiu.RogozinaMA.Sprint1.Task4.V4.csproj", "{C5433ED0-7BCC-444C-82DC-C071AC022744}"
EndProject
Project("{FAE04EC0-301F-11D3-BF4B-00C04F79EFBC}") = "Tyuiu.RogozinaMA.Sprint1.Task4.V4.Lib", "Tyuiu.RogozinaMA.Sprint1.Task4.V4.Lib\Tyuiu.RogozinaMA.Sprint1.Task4.V4.Lib.csproj", "{A1AC4E9B-3F53-476D-B35C-8BBF33DC6126}"
EndProject
Project("{FAE04EC0-301F-11D3-BF4B-00C04F79EFBC}") = "Tyuiu.RogozinaMA.Sprint1.Task4.V4.Test", "Tyuiu.RogozinaMA.Sprint1.Task4.V4.Test\Tyuiu.RogozinaMA.Sprint1.Task4.V4.Test.csproj", "{BB7F8A62-BA2E-4B32-AC4D-F39399A7D7E4}"
EndProject
Project("{2150E333-8FDC-42A3-9474-1A3956D46DE8}") = "Task5", "Task5", "{0C686407-3EEA-42FE-A0D1-9E59F00B7F3F}"
EndProject
Project("{FAE04EC0-301F-11D3-BF4B-00C04F79EFBC}") = "Tyuiu.RogozinaMA.Sprint1.Task5.V4", "Tyuiu.RogozinaMA.Sprint1.Task5.V4\Tyuiu.RogozinaMA.Sprint1.Task5.V4.csproj", "{13D15C5B-1B0E-49E8-B66E-E9B222FD99EA}"
EndProject
Project("{FAE04EC0-301F-11D3-BF4B-00C04F79EFBC}") = "Tyuiu.RogozinaMA.Sprint1.Task5.V4.Lib", "Tyuiu.RogozinaMA.Sprint1.Task5.V4.Lib\Tyuiu.RogozinaMA.Sprint1.Task5.V4.Lib.csproj", "{5913DB09-597B-443A-B60D-A704E770DCFF}"
EndProject
Project("{FAE04EC0-301F-11D3-BF4B-00C04F79EFBC}") = "Tyuiu.RogozinaMA.Sprint1.Task5.V4.Test", "Tyuiu.RogozinaMA.Sprint1.Task5.V4.Test\Tyuiu.RogozinaMA.Sprint1.Task5.V4.Test.csproj", "{44A84F5B-D212-4493-9B96-344C197EA7BE}"
EndProject
Project("{2150E333-8FDC-42A3-9474-1A3956D46DE8}") = "Task6", "Task6", "{10157D89-C425-40DD-AF1B-10C2101228C3}"
EndProject
Project("{FAE04EC0-301F-11D3-BF4B-00C04F79EFBC}") = "Tyuiu.RogozinaMA.Sprint1.Task6.V9", "Tyuiu.RogozinaMA.Sprint1.Task6.V9\Tyuiu.RogozinaMA.Sprint1.Task6.V9.csproj", "{120A0FDB-8B8E-4E17-85EB-3ACBBEF61B14}"
EndProject
Project("{FAE04EC0-301F-11D3-BF4B-00C04F79EFBC}") = "Tyuiu.RogozinaMA.Sprint1.Task6.V9.Lib", "Tyuiu.RogozinaMA.Sprint1.Task6.V9.Lib\Tyuiu.RogozinaMA.Sprint1.Task6.V9.Lib.csproj", "{ACD5E948-04D6-4B74-AF74-24E326F34DF9}"
EndProject
Project("{FAE04EC0-301F-11D3-BF4B-00C04F79EFBC}") = "Tyuiu.RogozinaMA.Sprint1.Task6.V9.Test", "Tyuiu.RogozinaMA.Sprint1.Task6.V9.Test\Tyuiu.RogozinaMA.Sprint1.Task6.V9.Test.csproj", "{D2F9A518-76C1-446A-B25A-3880F056A37F}"
EndProject
Project("{2150E333-8FDC-42A3-9474-1A3956D46DE8}") = "Task7", "Task7", "{33657585-B4AE-4D97-AA0A-A14C69F8DBF2}"
EndProject
Project("{FAE04EC0-301F-11D3-BF4B-00C04F79EFBC}") = "Tyuiu.RogozinaMA.Sprint1.Task7.V17", "Tyuiu.RogozinaMA.Sprint1.Task7.V17\Tyuiu.RogozinaMA.Sprint1.Task7.V17.csproj", "{C8EA65F9-6226-4B91-BCA2-B27F9B7E1A2D}"
EndProject
Project("{FAE04EC0-301F-11D3-BF4B-00C04F79EFBC}") = "Tyuiu.RogozinaMA.Sprint1.Task7.V17.Lib", "Tyuiu.RogozinaMA.Sprint1.Task7.V17.Lib\Tyuiu.RogozinaMA.Sprint1.Task7.V17.Lib.csproj", "{FC5A9D0B-5FAE-45B4-9153-6D6F068465F5}"
EndProject
Project("{FAE04EC0-301F-11D3-BF4B-00C04F79EFBC}") = "Tyuiu.RogozinaMA.Sprint1.Task7.V17.Test", "Tyuiu.RogozinaMA.Sprint1.Task7.V17.Test\Tyuiu.RogozinaMA.Sprint1.Task7.V17.Test.csproj", "{EE2B7199-92EB-4878-B3C9-73FA94E82C9A}"
EndProject
Global
	GlobalSection(SolutionConfigurationPlatforms) = preSolution
		Debug|Any CPU = Debug|Any CPU
		Release|Any CPU = Release|Any CPU
	EndGlobalSection
	GlobalSection(ProjectConfigurationPlatforms) = postSolution
		{A53CE54E-0A3B-46E1-9E88-5C96DA635163}.Debug|Any CPU.ActiveCfg = Debug|Any CPU
		{A53CE54E-0A3B-46E1-9E88-5C96DA635163}.Debug|Any CPU.Build.0 = Debug|Any CPU
		{A53CE54E-0A3B-46E1-9E88-5C96DA635163}.Release|Any CPU.ActiveCfg = Release|Any CPU
		{A53CE54E-0A3B-46E1-9E88-5C96DA635163}.Release|Any CPU.Build.0 = Release|Any CPU
		{4B965174-2DF1-45A1-9F47-EAD888891C16}.Debug|Any CPU.ActiveCfg = Debug|Any CPU
		{4B965174-2DF1-45A1-9F47-EAD888891C16}.Debug|Any CPU.Build.0 = Debug|Any CPU
		{4B965174-2DF1-45A1-9F47-EAD888891C16}.Release|Any CPU.ActiveCfg = Release|Any CPU
		{4B965174-2DF1-45A1-9F47-EAD888891C16}.Release|Any CPU.Build.0 = Release|Any CPU
		{AB33FB9D-7633-4798-BCBC-3EAD54702878}.Debug|Any CPU.ActiveCfg = Debug|Any CPU
		{AB33FB9D-7633-4798-BCBC-3EAD54702878}.Debug|Any CPU.Build.0 = Debug|Any CPU
		{AB33FB9D-7633-4798-BCBC-3EAD54702878}.Release|Any CPU.ActiveCfg = Release|Any CPU
		{AB33FB9D-7633-4798-BCBC-3EAD54702878}.Release|Any CPU.Build.0 = Release|Any CPU
		{CDCE1292-BB0F-4F57-9DDC-636D0AC92F7F}.Debug|Any CPU.ActiveCfg = Debug|Any CPU
		{CDCE1292-BB0F-4F57-9DDC-636D0AC92F7F}.Debug|Any CPU.Build.0 = Debug|Any CPU
		{CDCE1292-BB0F-4F57-9DDC-636D0AC92F7F}.Release|Any CPU.ActiveCfg = Release|Any CPU
		{CDCE1292-BB0F-4F57-9DDC-636D0AC92F7F}.Release|Any CPU.Build.0 = Release|Any CPU
		{642B3C8D-8BE5-48E0-8C2A-DA60A4B9E1A0}.Debug|Any CPU.ActiveCfg = Debug|Any CPU
		{642B3C8D-8BE5-48E0-8C2A-DA60A4B9E1A0}.Debug|Any CPU.Build.0 = Debug|Any CPU
		{642B3C8D-8BE5-48E0-8C2A-DA60A4B9E1A0}.Release|Any CPU.ActiveCfg = Release|Any CPU
		{642B3C8D-8BE5-48E0-8C2A-DA60A4B9E1A0}.Release|Any CPU.Build.0 = Release|Any CPU
		{B921B2F4-1B6D-449F-8416-22AF93A37B93}.Debug|Any CPU.ActiveCfg = Debug|Any CPU
		{B921B2F4-1B6D-449F-8416-22AF93A37B93}.Debug|Any CPU.Build.0 = Debug|Any CPU
		{B921B2F4-1B6D-449F-8416-22AF93A37B93}.Release|Any CPU.ActiveCfg = Release|Any CPU
		{B921B2F4-1B6D-449F-8416-22AF93A37B93}.Release|Any CPU.Build.0 = Release|Any CPU
		{7978A993-9072-4423-96D4-F614446250BB}.Debug|Any CPU.ActiveCfg = Debug|Any CPU
		{7978A993-9072-4423-96D4-F614446250BB}.Debug|Any CPU.Build.0 = Debug|Any CPU
		{7978A993-9072-4423-96D4-F614446250BB}.Release|Any CPU.ActiveCfg = Release|Any CPU
		{7978A993-9072-4423-96D4-F614446250BB}.Release|Any CPU.Build.0 = Release|Any CPU
		{7402B999-4CF5-46F4-9743-BE11292B9FB3}.Debug|Any CPU.ActiveCfg = Debug|Any CPU
		{7402B999-4CF5-46F4-9743-BE11292B9FB3}.Debug|Any CPU.Build.0 = Debug|Any CPU
		{7402B999-4CF5-46F4-9743-BE11292B9FB3}.Release|Any CPU.ActiveCfg = Release|Any CPU
		{7402B999-4CF5-46F4-9743-BE11292B9FB3}.Release|Any CPU.Build.0 = Release|Any CPU
		{879580F8-0322-4C34-9DAB-42A0A43293CA}.Debug|Any CPU.ActiveCfg = Debug|Any CPU
		{879580F8-0322-4C34-9DAB-42A0A43293CA}.Debug|Any CPU.Build.0 = Debug|Any CPU
		{879580F8-0322-4C34-9DAB-42A0A43293CA}.Release|Any CPU.ActiveCfg = Release|Any CPU
		{879580F8-0322-4C34-9DAB-42A0A43293CA}.Release|Any CPU.Build.0 = Release|Any CPU
		{3EB55097-31EA-4EAF-9AA9-B45031B4812B}.Debug|Any CPU.ActiveCfg = Debug|Any CPU
		{3EB55097-31EA-4EAF-9AA9-B45031B4812B}.Debug|Any CPU.Build.0 = Debug|Any CPU
		{3EB55097-31EA-4EAF-9AA9-B45031B4812B}.Release|Any CPU.ActiveCfg = Release|Any CPU
		{3EB55097-31EA-4EAF-9AA9-B45031B4812B}.Release|Any CPU.Build.0 = Release|Any CPU
		{9B1B2635-273A-4C32-8EE8-C2D8C73A751B}.Debug|Any CPU.ActiveCfg = Debug|Any CPU
		{9B1B2635-273A-4C32-8EE8-C2D8C73A751B}.Debug|Any CPU.Build.0 = Debug|Any CPU
		{9B1B2635-273A-4C32-8EE8-C2D8C73A751B}.Release|Any CPU.ActiveCfg = Release|Any CPU
		{9B1B2635-273A-4C32-8EE8-C2D8C73A751B}.Release|Any CPU.Build.0 = Release|Any CPU
		{1E6EBB82-A5FD-4E34-98FD-DA1390FB50B3}.Debug|Any CPU.ActiveCfg = Debug|Any CPU
		{1E6EBB82-A5FD-4E34-98FD-DA1390FB50B3}.Debug|Any CPU.Build.0 = Debug|Any CPU
		{1E6EBB82-A5FD-4E34-98FD-DA1390FB50B3}.Release|Any CPU.ActiveCfg = Release|Any CPU
		{1E6EBB82-A5FD-4E34-98FD-DA1390FB50B3}.Release|Any CPU.Build.0 = Release|Any CPU
		{C5433ED0-7BCC-444C-82DC-C071AC022744}.Debug|Any CPU.ActiveCfg = Debug|Any CPU
		{C5433ED0-7BCC-444C-82DC-C071AC022744}.Debug|Any CPU.Build.0 = Debug|Any CPU
		{C5433ED0-7BCC-444C-82DC-C071AC022744}.Release|Any CPU.ActiveCfg = Release|Any CPU
		{C5433ED0-7BCC-444C-82DC-C071AC022744}.Release|Any CPU.Build.0 = Release|Any CPU
		{A1AC4E9B-3F53-476D-B35C-8BBF33DC6126}.Debug|Any CPU.ActiveCfg = Debug|Any CPU
		{A1AC4E9B-3F53-476D-B35C-8BBF33DC6126}.Debug|Any CPU.Build.0 = Debug|Any CPU
		{A1AC4E9B-3F53-476D-B35C-8BBF33DC6126}.Release|Any CPU.ActiveCfg = Release|Any CPU
		{A1AC4E9B-3F53-476D-B35C-8BBF33DC6126}.Release|Any CPU.Build.0 = Release|Any CPU
		{BB7F8A62-BA2E-4B32-AC4D-F39399A7D7E4}.Debug|Any CPU.ActiveCfg = Debug|Any CPU
		{BB7F8A62-BA2E-4B32-AC4D-F39399A7D7E4}.Debug|Any CPU.Build.0 = Debug|Any CPU
		{BB7F8A62-BA2E-4B32-AC4D-F39399A7D7E4}.Release|Any CPU.ActiveCfg = Release|Any CPU
		{BB7F8A62-BA2E-4B32-AC4D-F39399A7D7E4}.Release|Any CPU.Build.0 = Release|Any CPU
		{13D15C5B-1B0E-49E8-B66E-E9B222FD99EA}.Debug|Any CPU.ActiveCfg = Debug|Any CPU
		{13D15C5B-1B0E-49E8-B66E-E9B222FD99EA}.Debug|Any CPU.Build.0 = Debug|Any CPU
		{13D15C5B-1B0E-49E8-B66E-E9B222FD99EA}.Release|Any CPU.ActiveCfg = Release|Any CPU
		{13D15C5B-1B0E-49E8-B66E-E9B222FD99EA}.Release|Any CPU.Build.0 = Release|Any CPU
		{5913DB09-597B-443A-B60D-A704E770DCFF}.Debug|Any CPU.ActiveCfg = Debug|Any CPU
		{5913DB09-597B-443A-B60D-A704E770DCFF}.Debug|Any CPU.Build.0 = Debug|Any CPU
		{5913DB09-597B-443A-B60D-A704E770DCFF}.Release|Any CPU.ActiveCfg = Release|Any CPU
		{5913DB09-597B-443A-B60D-A704E770DCFF}.Release|Any CPU.Build.0 = Release|Any CPU
		{44A84F5B-D212-4493-9B96-344C197EA7BE}.Debug|Any CPU.ActiveCfg = Debug|Any CPU
		{44A84F5B-D212-4493-9B96-344C197EA7BE}.Debug|Any CPU.Build.0 = Debug|Any CPU
		{44A84F5B-D212-4493-9B96-344C197EA7BE}.Release|Any CPU.ActiveCfg = Release|Any CPU
		{44A84F5B-D212-4493-9B96-344C197EA7BE}.Release|Any CPU.Build.0 = Release|Any CPU
		{120A0FDB-8B8E-4E17-85EB-3ACBBEF61B14}.Debug|Any CPU.ActiveCfg = Debug|Any CPU
		{120A0FDB-8B8E-4E17-85EB-3ACBBEF61B14}.Debug|Any CPU.Build.0 = Debug|Any CPU
		{120A0FDB-8B8E-4E17-85EB-3ACBBEF61B14}.Release|Any CPU.ActiveCfg = Release|Any CPU
		{120A0FDB-8B8E-4E17-85EB-3ACBBEF61B14}.Release|Any CPU.Build.0 = Release|Any CPU
		{ACD5E948-04D6-4B74-AF74-24E326F34DF9}.Debug|Any CPU.ActiveCfg = Debug|Any CPU
		{ACD5E948-04D6-4B74-AF74-24E326F34DF9}.Debug|Any CPU.Build.0 = Debug|Any CPU
		{ACD5E948-04D6-4B74-AF74-24E326F34DF9}.Release|Any CPU.ActiveCfg = Release|Any CPU
		{ACD5E948-04D6-4B74-AF74-24E326F34DF9}.Release|Any CPU.Build.0 = Release|Any CPU
		{D2F9A518-76C1-446A-B25A-3880F056A37F}.Debug|Any CPU.ActiveCfg = Debug|Any CPU
		{D2F9A518-76C1-446A-B25A-3880F056A37F}.Debug|Any CPU.Build.0 = Debug|Any CPU
		{D2F9A518-76C1-446A-B25A-3880F056A37F}.Release|Any CPU.ActiveCfg = Release|Any CPU
		{D2F9A518-76C1-446A-B25A-3880F056A37F}.Release|Any CPU.Build.0 = Release|Any CPU
		{C8EA65F9-6226-4B91-BCA2-B27F9B7E1A2D}.Debug|Any CPU.ActiveCfg = Debug|Any CPU
		{C8EA65F9-6226-4B91-BCA2-B27F9B7E1A2D}.Debug|Any CPU.Build.0 = Debug|Any CPU
		{C8EA65F9-6226-4B91-BCA2-B27F9B7E1A2D}.Release|Any CPU.ActiveCfg = Release|Any CPU
		{C8EA65F9-6226-4B91-BCA2-B27F9B7E1A2D}.Release|Any CPU.Build.0 = Release|Any CPU
		{FC5A9D0B-5FAE-45B4-9153-6D6F068465F5}.Debug|Any CPU.ActiveCfg = Debug|Any CPU
		{FC5A9D0B-5FAE-45B4-9153-6D6F068465F5}.Debug|Any CPU.Build.0 = Debug|Any CPU
		{FC5A9D0B-5FAE-45B4-9153-6D6F068465F5}.Release|Any CPU.ActiveCfg = Release|Any CPU
		{FC5A9D0B-5FAE-45B4-9153-6D6F068465F5}.Release|Any CPU.Build.0 = Release|Any CPU
		{EE2B7199-92EB-4878-B3C9-73FA94E82C9A}.Debug|Any CPU.ActiveCfg = Debug|Any CPU
		{EE2B7199-92EB-4878-B3C9-73FA94E82C9A}.Debug|Any CPU.Build.0 = Debug|Any CPU
		{EE2B7199-92EB-4878-B3C9-73FA94E82C9A}.Release|Any CPU.ActiveCfg = Release|Any CPU
		{EE2B7199-92EB-4878-B3C9-73FA94E82C9A}.Release|Any CPU.Build.0 = Release|Any CPU
	EndGlobalSection
	GlobalSection(SolutionProperties) = preSolution
		HideSolutionNode = FALSE
	EndGlobalSection
	GlobalSection(NestedProjects) = preSolution
		{A53CE54E-0A3B-46E1-9E88-5C96DA635163} = {02EA681E-C7D8-13C7-8484-4AC65E1B71E8}
		{4B965174-2DF1-45A1-9F47-EAD888891C16} = {02EA681E-C7D8-13C7-8484-4AC65E1B71E8}
		{AB33FB9D-7633-4798-BCBC-3EAD54702878} = {02EA681E-C7D8-13C7-8484-4AC65E1B71E8}
		{CDCE1292-BB0F-4F57-9DDC-636D0AC92F7F} = {6AE341D4-BA6C-4212-90C0-93D425F5338F}
		{642B3C8D-8BE5-48E0-8C2A-DA60A4B9E1A0} = {6AE341D4-BA6C-4212-90C0-93D425F5338F}
		{B921B2F4-1B6D-449F-8416-22AF93A37B93} = {6AE341D4-BA6C-4212-90C0-93D425F5338F}
		{7978A993-9072-4423-96D4-F614446250BB} = {46A25537-72CB-4F4E-83CA-10739BD7CCCF}
		{7402B999-4CF5-46F4-9743-BE11292B9FB3} = {46A25537-72CB-4F4E-83CA-10739BD7CCCF}
		{879580F8-0322-4C34-9DAB-42A0A43293CA} = {46A25537-72CB-4F4E-83CA-10739BD7CCCF}
		{3EB55097-31EA-4EAF-9AA9-B45031B4812B} = {F48F8855-CCD0-4AAC-B97F-6F95A321BE7A}
		{9B1B2635-273A-4C32-8EE8-C2D8C73A751B} = {F48F8855-CCD0-4AAC-B97F-6F95A321BE7A}
		{1E6EBB82-A5FD-4E34-98FD-DA1390FB50B3} = {F48F8855-CCD0-4AAC-B97F-6F95A321BE7A}
		{C5433ED0-7BCC-444C-82DC-C071AC022744} = {35037B74-4C5D-4E11-B13E-D70B0CD9D4E4}
		{A1AC4E9B-3F53-476D-B35C-8BBF33DC6126} = {35037B74-4C5D-4E11-B13E-D70B0CD9D4E4}
		{BB7F8A62-BA2E-4B32-AC4D-F39399A7D7E4} = {35037B74-4C5D-4E11-B13E-D70B0CD9D4E4}
		{13D15C5B-1B0E-49E8-B66E-E9B222FD99EA} = {0C686407-3EEA-42FE-A0D1-9E59F00B7F3F}
		{5913DB09-597B-443A-B60D-A704E770DCFF} = {0C686407-3EEA-42FE-A0D1-9E59F00B7F3F}
		{44A84F5B-D212-4493-9B96-344C197EA7BE} = {0C686407-3EEA-42FE-A0D1-9E59F00B7F3F}
		{120A0FDB-8B8E-4E17-85EB-3ACBBEF61B14} = {10157D89-C425-40DD-AF1B-10C2101228C3}
		{ACD5E948-04D6-4B74-AF74-24E326F34DF9} = {10157D89-C425-40DD-AF1B-10C2101228C3}
		{D2F9A518-76C1-446A-B25A-3880F056A37F} = {10157D89-C425-40DD-AF1B-10C2101228C3}
		{C8EA65F9-6226-4B91-BCA2-B27F9B7E1A2D} = {33657585-B4AE-4D97-AA0A-A14C69F8DBF2}
		{FC5A9D0B-5FAE-45B4-9153-6D6F068465F5} = {33657585-B4AE-4D97-AA0A-A14C69F8DBF2}
		{EE2B7199-92EB-4878-B3C9-73FA94E82C9A} = {33657585-B4AE-4D97-AA0A-A14C69F8DBF2}
	EndGlobalSection
	GlobalSection(ExtensibilityGlobals) = postSolution
		SolutionGuid = {77DE4228-2AED-4682-B3B0-B261994EE171}
	EndGlobalSection
EndGlobal
